
Microsoft Visual Studio Solution File, Format Version 12.00
# Visual Studio Version 17
VisualStudioVersion = 17.4.33213.308
MinimumVisualStudioVersion = 10.0.40219.1
Project("{FAE04EC0-301F-11D3-BF4B-00C04F79EFBC}") = "listoveSumiraneDR", "listoveSumiraneDR\listoveSumiraneDR.csproj", "{A20F9435-99AA-43F1-9970-FC7F4AE8A953}"
EndProject
Project("{FAE04EC0-301F-11D3-BF4B-00C04F79EFBC}") = "fibonachi", "fibonachi\fibonachi.csproj", "{0D448FC1-077D-45F9-8422-1339ADA10A4D}"
EndProject
Project("{FAE04EC0-301F-11D3-BF4B-00C04F79EFBC}") = "zad2", "zad2\zad2.csproj", "{E450057A-CDE9-43BC-BDC5-B9F2A3356847}"
EndProject
Global
	GlobalSection(SolutionConfigurationPlatforms) = preSolution
		Debug|Any CPU = Debug|Any CPU
		Release|Any CPU = Release|Any CPU
	EndGlobalSection
	GlobalSection(ProjectConfigurationPlatforms) = postSolution
		{A20F9435-99AA-43F1-9970-FC7F4AE8A953}.Debug|Any CPU.ActiveCfg = Debug|Any CPU
		{A20F9435-99AA-43F1-9970-FC7F4AE8A953}.Debug|Any CPU.Build.0 = Debug|Any CPU
		{A20F9435-99AA-43F1-9970-FC7F4AE8A953}.Release|Any CPU.ActiveCfg = Release|Any CPU
		{A20F9435-99AA-43F1-9970-FC7F4AE8A953}.Release|Any CPU.Build.0 = Release|Any CPU
		{0D448FC1-077D-45F9-8422-1339ADA10A4D}.Debug|Any CPU.ActiveCfg = Debug|Any CPU
		{0D448FC1-077D-45F9-8422-1339ADA10A4D}.Debug|Any CPU.Build.0 = Debug|Any CPU
		{0D448FC1-077D-45F9-8422-1339ADA10A4D}.Release|Any CPU.ActiveCfg = Release|Any CPU
		{0D448FC1-077D-45F9-8422-1339ADA10A4D}.Release|Any CPU.Build.0 = Release|Any CPU
		{E450057A-CDE9-43BC-BDC5-B9F2A3356847}.Debug|Any CPU.ActiveCfg = Debug|Any CPU
		{E450057A-CDE9-43BC-BDC5-B9F2A3356847}.Debug|Any CPU.Build.0 = Debug|Any CPU
		{E450057A-CDE9-43BC-BDC5-B9F2A3356847}.Release|Any CPU.ActiveCfg = Release|Any CPU
		{E450057A-CDE9-43BC-BDC5-B9F2A3356847}.Release|Any CPU.Build.0 = Release|Any CPU
	EndGlobalSection
	GlobalSection(SolutionProperties) = preSolution
		HideSolutionNode = FALSE
	EndGlobalSection
	GlobalSection(ExtensibilityGlobals) = postSolution
		SolutionGuid = {45F195BA-995D-4EE4-86EB-2DF985032ECD}
	EndGlobalSection
EndGlobal
